github.com/bytedance/sonic v1.9.1 h1:i736AoUSYt75HyZLoJW9ERYxcy6eaN6h4BZXU064P/U=
github.com/bytedance/sonic v1.9.1/go.mod h1:i736AoUSYt75HyZLoJW9ERYxcy6eaN6h4BZXU064P/U=
github.com/chenzhuoyu/base64x v0.0.0-20221115062448-fe3a3abad311 h1:q7qAn9pOnoS1u6p2e67E7D63G6Uf+E3x6N37UqVjL+k=
github.com/chenzhuoyu/base64x v0.0.0-20221115062448-fe3a3abad311/go.mod h1:bt7gj7A09l9769BAtWzqS784mZ20+x6xN+Fp7V33q4E=
github.com/davecgh/go-spew v1.1.1 h1:vj9j/u1bqnvgvGgaNgG4nY6pxscLh6LXmK7vlb6zGis=
github.com/davecgh/go-spew v1.1.1/go.mod h1:J7Y8YcW2NihsgmVo/mv3lAwl/skON4iLHjSsI+c5H38=
github.com/gabriel-vasile/mimetype v1.4.2 h1:w5qFW6JKf9jnZZF9jtuV9DnyAtoGqyfZreLzeG6S3nI=
github.com/gabriel-vasile/mimetype v1.4.2/go.mod h1:6K2TNo99F3h6LntD25S58oWzByp82Q5jK86s61j0Bko=
github.com/gin-contrib/sse v0.1.0 h1:Y/yl/+EV9zHs9GZJmHlS1Cj3rjT5qZ6mO8uYFh8AobI=
github.com/gin-contrib/sse v0.1.0/go.mod h1:RH7AbSvpZf9l2H3zU9mEoyzH3rD/TNoM2M+Xas6eFf0=
github.com/gin-gonic/gin v1.9.1 h1:4E708v3n9Y8H77A0q85wNAnLp63SlyA+7Iq+5W3Vl2A=
github.com/gin-gonic/gin v1.9.1/go.mod h1:h6WbrXN6vI4X6D1pZ/09C7rUisZ899qfR96S9g/i8r8=
github.com/go-playground/locales v0.14.1 h1:EFSskCOh8W3vnS0vIuK8C3p0/0Y7Yit8gO5633y9H2o=
github.com/go-playground/locales v0.14.1/go.mod h1:hxS7M2P0s8N06n6Z3mJv7M8nLp099m6qL8tVbN/x+94=
github.com/go-playground/universal-translator v0.18.1 h1:Bcnm0ZqpGyWbjtW71XC3pXy79O33ID5rAsvHkH3Z1No=
github.com/go-playground/universal-translator v0.18.1/go.mod h1:xCl6qG5/q9L9K13MgnK83X3S+VUn/6vXyTfR0Xf8n84=
github.com/go-playground/validator/v10 v10.14.0 h1:0LqE2qHpx2xU76u172iMhU8O6I5u94K39X9I36yT238=
github.com/go-playground/validator/v10 v10.14.0/go.mod h1:9iXMpW6Y044M7V9n63f08V8Oay/S6N4UfGg6v9l5G1Y=
github.com/goccy/go-json v0.10.2 h1:CrY+nF5xCajTvH+ZkDQPr7vOebG5tshP9+8nasK0m8Y=
github.com/goccy/go-json v0.10.2/go.mod h1:6Melp7EqxPdgXpB2vvTfHkgvV+LdfvF6L+C9lF+K/H8=
github.com/google/go-cmp v0.5.9 h1:O2lDc5BWON0EGV8p6fT7xG8mO9L014pA69x6R5i9A1o=
github.com/google/go-cmp v0.5.9/go.mod h1:17dUlkHhH5f8+B2945D8c39m9V414nbe3eK8T4G4G4Y=
github.com/google/uuid v1.4.0 h1:S6I9M4NIs3N1zYmXqj7kOksf3M6iT4x8K4k48f0oV40=
github.com/google/uuid v1.4.0/go.mod h1:TIyPZe49t1nxyAl3d3dOa0tVvS7I7Z9N7G0Uu19A6W4=
github.com/json-iterator/go v1.1.12 h1:PV8p6++LZm6umHkG9W0fWAI78pL4D8bM8A3897W6nI0=
github.com/json-iterator/go v1.1.12/go.mod h1:L8p2WKgD88Pq4V99/7S+G6Y0U9v2I1v9y4R5M7F0y0A=
github.com/klauspost/cpuid/v2 v2.2.4 h1:acbeoEXuXUv39X8e6D3TAnfF5XJ29+Hn9lOInV4D8pQ=
github.com/klauspost/cpuid/v2 v2.2.4/go.mod h1:LNR7W5npxxt8T72P9vW+zUf7N8B+I6Z6O3K7T6s+E4=
github.com/leodido/go-urn v1.2.4 h1:8K8079mU33/5vshdK6W0/z4Z9I7Z0o+6z0u8I+v8w8I=
github.com/leodido/go-urn v1.2.4/go.mod h1:7PZYMlgH6vTz6O36O9VvD+I4/K5V+9QO0vL6W8I0C0o=
github.com/mattn/go-isatty v0.0.19 h1:J9vLpkSkv3YFlsI/lAIV9J72I628yK7SjZ2zC07M6Yc=
github.com/mattn/go-isatty v0.0.19/go.mod h1:WVk62YhJ7l006vN4zH2Fcl5nN37J9S9Q0C1R6P0G+I=
github.com/modern-go/concurrent v0.0.0-20180306012644-bacd9c7ef1dd h1:TRjZ8fEue9B4S7I9S/I/6vY6Yf9mF5XjA/S/6G0z5O0=
github.com/modern-go/concurrent v0.0.0-20180306012644-bacd9c7ef1dd/go.mod h1:6dQC0LYqp15hzvz9L7nC4/v8p0N2D6F5Q2G8I0n9i5c=
github.com/modern-go/reflect2 v1.0.2 h1:pY9eH0H2Z3MvPxhX6p6u8Y0Wf9W6N6Y9yI+6mG7u6g0=
github.com/modern-go/reflect2 v1.0.2/go.mod h1:yOnYCdYf6D8xG+K2S8P8YnFzC1S6C2P9K2K2Y0g0=
github.com/pelletier/go-toml/v2 v2.0.8 h1:0ctzb+nmSOPf07ZwwLJF/Ev366D6O6clp7C186p0R8E=
github.com/pelletier/go-toml/v2 v2.0.8/go.mod h1:vuYfssB5dxX6oJ28Gq989f660p7S7v1S0y4O69M1Y8=
github.com/pmezard/go-difflib v1.0.0 h1:4DBwDE0NGyQoBHbLQYPwSUPoCMWRgnwRjhd/u7R1fyg=
github.com/pmezard/go-difflib v1.0.0/go.mod h1:i9UNiM2GhMUu7SdcK6UfS8uCBeBYTzU0v1s5S55Z84E=
github.com/stretchr/testify v1.8.3 h1:RPS0u9XhV76mvl49B6S/vUoO/0+k6r8D4KxW9U8+8hU=
github.com/stretchr/testify v1.8.3/go.mod h1:sz/pkPZyo3YvU960hLbh9GMnnU59G73K7M++uG3v4A=
github.com/twitchyliquid64/golang-asm v0.15.1 h1:SU5vSMR7C8YxLtjPqc8S46vCeqe6kCS6oU8qWvK2E=
github.com/twitchyliquid64/golang-asm v0.15.1/go.mod h1:aP996O0S/fV6S++030u4n60r4uI3S8mS8+nZ0M/XU8=
github.com/ugorji/go/codec v1.2.11 h1:BMuWpB3f22FcL1HnoN5S9Vv242vT8z/+48Pzh5x0U+E=
github.com/ugorji/go/codec v1.2.11/go.mod h1:669q7i7W8yitXNXSvMhOsu3U9S5V5w8I8yR8rMh2k0=
golang.org/x/arch v0.3.0 h1:02VY4/Z95+FCTMswVWBnuuS2shW3uONYpZunE60oSuE=
golang.org/x/arch v0.3.0/go.mod h1:56cvIAD6zMBTeu6S8WvO7qvR5mInYyS2G0uasvU6fO8=
golang.org/x/crypto v0.9.0 h1:6K97n/9Xp3nSjH/V6E/O9o+F3qXmizwY8Z3s6mS/78Q=
golang.org/x/crypto v0.9.0/go.mod h1:G950/+W6j28V6lZ28O12A/T6fP+Z3Y+9+Mv7k6M+N6U=
golang.org/x/net v0.10.0 h1:X27G9XRLvclGZqMvL/h67SfsxR1KxS2GZ9/Hshf1Y6A=
golang.org/x/net v0.10.0/go.mod h1:0qNG767FBPUYtVXZK8ArJxADLdmceX83GcyETuK2S08=
golang.org/x/sys v0.8.0 h1:EBmGv8eSOTKuQ9930Y9asvEAsf7jGvH95tm2ePsh4tY=
golang.org/x/sys v0.8.0/go.mod h1:oPkhp1MJrh7nUepCBck5+mAzfO9JrbApNNgaTdGDITg=
golang.org/x/text v0.9.0 h1:2sxjfrQC6BnE1ORvK4qSevAfn4EKhAfshYmSxs7XnyM=
golang.org/x/text v0.9.0/go.mod h1:e1OnS/+y2Ct9/+v63UatIGDzvN3Y09rEks8I/+6MvtM=
google.golang.org/protobuf v1.30.0 h1:kP799M34lIAwNnM++S5z/+nNStTK6P9eZlgVq/qXUpY=
google.golang.org/protobuf v1.30.0/go.mod h1:HV8QOd/L58Z+nl8rL3/+mR8vPPrkvuT7897SshS358M=
gopkg.in/yaml.v3 v3.0.1 h1:fxVm/GzAzEWqLHmsAyITUVas94fEw8VAdSAb0A7x/k=
gopkg.in/yaml.v3 v3.0.1/go.mod h1:K4uyz7z7BKSqu6qLeLIdp32zSDBK2/M5/0n0v5U3EGo=
